
Microsoft Visual Studio Solution File, Format Version 12.00
# Visual Studio 15
VisualStudioVersion = 15.0.28307.168
MinimumVisualStudioVersion = 10.0.40219.1
Project("{FAE04EC0-301F-11D3-BF4B-00C04F79EFBC}") = "RhinoApplication", "RhinoApplication\RhinoApplication.csproj", "{FE4D11CF-6B31-4C4B-AA97-501CF411306D}"
EndProject
Global
	GlobalSection(SolutionConfigurationPlatforms) = preSolution
		Debug|Any CPU = Debug|Any CPU
		Release|Any CPU = Release|Any CPU
	EndGlobalSection
	GlobalSection(ProjectConfigurationPlatforms) = postSolution
		{FE4D11CF-6B31-4C4B-AA97-501CF411306D}.Debug|Any CPU.ActiveCfg = Release|Any CPU
		{FE4D11CF-6B31-4C4B-AA97-501CF411306D}.Debug|Any CPU.Build.0 = Release|Any CPU
		{FE4D11CF-6B31-4C4B-AA97-501CF411306D}.Release|Any CPU.ActiveCfg = Release|Any CPU
		{FE4D11CF-6B31-4C4B-AA97-501CF411306D}.Release|Any CPU.Build.0 = Release|Any CPU
	EndGlobalSection
	GlobalSection(SolutionProperties) = preSolution
		HideSolutionNode = FALSE
	EndGlobalSection
	GlobalSection(ExtensibilityGlobals) = postSolution
		SolutionGuid = {FBD65758-53F3-4EAF-B783-493F43CF8C2E}
	EndGlobalSection
EndGlobal
